// !$*UTF8*$!
{
	archiveVersion = 1;
	classes = {
	};
	objectVersion = 46;
	objects = {

/* Begin PBXBuildFile section */
		271FC5161B16E288008D51CC /* RoundButton.m in Sources */ = {isa = PBXBuildFile; fileRef = 271FC5151B16E288008D51CC /* RoundButton.m */; };
		271FC5181B17C06B008D51CC /* mic-icon.png in Resources */ = {isa = PBXBuildFile; fileRef = 271FC5171B17C06B008D51CC /* mic-icon.png */; };
		271FC51D1B17C5D3008D51CC /* clock-icon.png in Resources */ = {isa = PBXBuildFile; fileRef = 271FC5191B17C5D3008D51CC /* clock-icon.png */; };
		271FC51E1B17C5D3008D51CC /* dollar-icon.png in Resources */ = {isa = PBXBuildFile; fileRef = 271FC51A1B17C5D3008D51CC /* dollar-icon.png */; };
		271FC51F1B17C5D3008D51CC /* stopwatch-icon.png in Resources */ = {isa = PBXBuildFile; fileRef = 271FC51B1B17C5D3008D51CC /* stopwatch-icon.png */; };
		271FC5221B17C67D008D51CC /* trophy-icon.png in Resources */ = {isa = PBXBuildFile; fileRef = 271FC5211B17C67D008D51CC /* trophy-icon.png */; };
		271FC5411B1CFFFF008D51CC /* 5-across-logo.png in Resources */ = {isa = PBXBuildFile; fileRef = 271FC5401B1CFFFF008D51CC /* 5-across-logo.png */; };
		271FC5441B1D00AF008D51CC /* RegisterViewController.m in Sources */ = {isa = PBXBuildFile; fileRef = 271FC5431B1D00AF008D51CC /* RegisterViewController.m */; };
		271FC5471B1D0698008D51CC /* registerButton.m in Sources */ = {isa = PBXBuildFile; fileRef = 271FC5461B1D0698008D51CC /* registerButton.m */; };
		271FC5491B1D0E3B008D51CC /* QuartzCore.framework in Frameworks */ = {isa = PBXBuildFile; fileRef = 271FC5481B1D0E3B008D51CC /* QuartzCore.framework */; };
		27411A711B142D1F00664EBB /* PostListTableViewController.m in Sources */ = {isa = PBXBuildFile; fileRef = 27411A701B142D1F00664EBB /* PostListTableViewController.m */; };
		27411A761B143A0300664EBB /* AboutViewController.m in Sources */ = {isa = PBXBuildFile; fileRef = 27411A751B143A0300664EBB /* AboutViewController.m */; };
		27411A7A1B14FAD000664EBB /* 5-pitches.png in Resources */ = {isa = PBXBuildFile; fileRef = 27411A791B14FAD000664EBB /* 5-pitches.png */; };
		27411A7C1B14FF5600664EBB /* 5-minutes.png in Resources */ = {isa = PBXBuildFile; fileRef = 27411A7B1B14FF5600664EBB /* 5-minutes.png */; };
		27AF6EFE1B1E467B000BA5AD /* TraktAPIClient.m in Sources */ = {isa = PBXBuildFile; fileRef = 27AF6EFD1B1E467B000BA5AD /* TraktAPIClient.m */; };
		27AF6F081B1E5F4C000BA5AD /* statusModel.m in Sources */ = {isa = PBXBuildFile; fileRef = 27AF6F071B1E5F4C000BA5AD /* statusModel.m */; };
		27AF6F0B1B20F7E0000BA5AD /* VideoCollectionViewController.m in Sources */ = {isa = PBXBuildFile; fileRef = 27AF6F0A1B20F7E0000BA5AD /* VideoCollectionViewController.m */; };
		27AF6F111B21281B000BA5AD /* ParseBlog.m in Sources */ = {isa = PBXBuildFile; fileRef = 27AF6F101B21281B000BA5AD /* ParseBlog.m */; };
		27C590921AE1AC74008F4B4E /* main.m in Sources */ = {isa = PBXBuildFile; fileRef = 27C590911AE1AC74008F4B4E /* main.m */; };
		27C590951AE1AC74008F4B4E /* AppDelegate.m in Sources */ = {isa = PBXBuildFile; fileRef = 27C590941AE1AC74008F4B4E /* AppDelegate.m */; };
		27C5909B1AE1AC74008F4B4E /* Main.storyboard in Resources */ = {isa = PBXBuildFile; fileRef = 27C590991AE1AC74008F4B4E /* Main.storyboard */; };
		27C5909D1AE1AC74008F4B4E /* Images.xcassets in Resources */ = {isa = PBXBuildFile; fileRef = 27C5909C1AE1AC74008F4B4E /* Images.xcassets */; };
		27C590A01AE1AC74008F4B4E /* LaunchScreen.xib in Resources */ = {isa = PBXBuildFile; fileRef = 27C5909E1AE1AC74008F4B4E /* LaunchScreen.xib */; };
		27C590AC1AE1AC74008F4B4E /* __Across_BetaTests.m in Sources */ = {isa = PBXBuildFile; fileRef = 27C590AB1AE1AC74008F4B4E /* __Across_BetaTests.m */; };
		27C590B71AE1AED7008F4B4E /* Parse.m in Sources */ = {isa = PBXBuildFile; fileRef = 27C590B61AE1AED7008F4B4E /* Parse.m */; };
		27C590BA1AE1D4A4008F4B4E /* PostDataViewController.m in Sources */ = {isa = PBXBuildFile; fileRef = 27C590B91AE1D4A4008F4B4E /* PostDataViewController.m */; };
		27C590C31AE1DAC2008F4B4E /* PostTableViewController.m in Sources */ = {isa = PBXBuildFile; fileRef = 27C590C21AE1DAC2008F4B4E /* PostTableViewController.m */; };
		27F0EC0E1B4E2B7500235E48 /* home_selected.png in Resources */ = {isa = PBXBuildFile; fileRef = 27F0EBFA1B4E2B7500235E48 /* home_selected.png */; };
		27F0EC0F1B4E2B7500235E48 /* home_selected@2x.png in Resources */ = {isa = PBXBuildFile; fileRef = 27F0EBFB1B4E2B7500235E48 /* home_selected@2x.png */; };
		27F0EC101B4E2B7500235E48 /* home.png in Resources */ = {isa = PBXBuildFile; fileRef = 27F0EBFC1B4E2B7500235E48 /* home.png */; };
		27F0EC111B4E2B7500235E48 /* home@2x.png in Resources */ = {isa = PBXBuildFile; fileRef = 27F0EBFD1B4E2B7500235E48 /* home@2x.png */; };
		27F0EC121B4E2B7500235E48 /* maps_selected.png in Resources */ = {isa = PBXBuildFile; fileRef = 27F0EBFE1B4E2B7500235E48 /* maps_selected.png */; };
		27F0EC131B4E2B7500235E48 /* maps_selected@2x.png in Resources */ = {isa = PBXBuildFile; fileRef = 27F0EBFF1B4E2B7500235E48 /* maps_selected@2x.png */; };
		27F0EC141B4E2B7500235E48 /* maps.png in Resources */ = {isa = PBXBuildFile; fileRef = 27F0EC001B4E2B7500235E48 /* maps.png */; };
		27F0EC151B4E2B7500235E48 /* maps@2x.png in Resources */ = {isa = PBXBuildFile; fileRef = 27F0EC011B4E2B7500235E48 /* maps@2x.png */; };
		27F0EC161B4E2B7500235E48 /* myplan_selected.png in Resources */ = {isa = PBXBuildFile; fileRef = 27F0EC021B4E2B7500235E48 /* myplan_selected.png */; };
		27F0EC171B4E2B7500235E48 /* myplan_selected@2x.png in Resources */ = {isa = PBXBuildFile; fileRef = 27F0EC031B4E2B7500235E48 /* myplan_selected@2x.png */; };
		27F0EC181B4E2B7500235E48 /* myplan.png in Resources */ = {isa = PBXBuildFile; fileRef = 27F0EC041B4E2B7500235E48 /* myplan.png */; };
		27F0EC191B4E2B7500235E48 /* myplan@2x.png in Resources */ = {isa = PBXBuildFile; fileRef = 27F0EC051B4E2B7500235E48 /* myplan@2x.png */; };
		27F0EC1A1B4E2B7500235E48 /* settings_selected.png in Resources */ = {isa = PBXBuildFile; fileRef = 27F0EC061B4E2B7500235E48 /* settings_selected.png */; };
		27F0EC1B1B4E2B7500235E48 /* settings_selected@2x.png in Resources */ = {isa = PBXBuildFile; fileRef = 27F0EC071B4E2B7500235E48 /* settings_selected@2x.png */; };
		27F0EC1C1B4E2B7500235E48 /* settings.png in Resources */ = {isa = PBXBuildFile; fileRef = 27F0EC081B4E2B7500235E48 /* settings.png */; };
		27F0EC1D1B4E2B7500235E48 /* settings@2x.png in Resources */ = {isa = PBXBuildFile; fileRef = 27F0EC091B4E2B7500235E48 /* settings@2x.png */; };
		27F0EC1E1B4E2B7500235E48 /* tabbar_selected.png in Resources */ = {isa = PBXBuildFile; fileRef = 27F0EC0A1B4E2B7500235E48 /* tabbar_selected.png */; };
		27F0EC1F1B4E2B7500235E48 /* tabbar_selected@2x.png in Resources */ = {isa = PBXBuildFile; fileRef = 27F0EC0B1B4E2B7500235E48 /* tabbar_selected@2x.png */; };
		27F0EC201B4E2B7500235E48 /* tabbar.png in Resources */ = {isa = PBXBuildFile; fileRef = 27F0EC0C1B4E2B7500235E48 /* tabbar.png */; };
		27F0EC211B4E2B7500235E48 /* tabbar@2x.png in Resources */ = {isa = PBXBuildFile; fileRef = 27F0EC0D1B4E2B7500235E48 /* tabbar@2x.png */; };
		EACDEB54C4D06329223985CB /* libPods-5 Across Beta.a in Frameworks */ = {isa = PBXBuildFile; fileRef = AF660F2DA2E14A0BC72B588F /* libPods-5 Across Beta.a */; };
/* End PBXBuildFile section */

/* Begin PBXContainerItemProxy section */
		27C590A61AE1AC74008F4B4E /* PBXContainerItemProxy */ = {
			isa = PBXContainerItemProxy;
			containerPortal = 27C590841AE1AC74008F4B4E /* Project object */;
			proxyType = 1;
			remoteGlobalIDString = 27C5908B1AE1AC74008F4B4E;
			remoteInfo = "5 Across Beta";
		};
/* End PBXContainerItemProxy section */

/* Begin PBXFileReference section */
		068AEAA7599272BA64B03026 /* Pods-5 Across Beta.debug.xcconfig */ = {isa = PBXFileReference; includeInIndex = 1; lastKnownFileType = text.xcconfig; name = "Pods-5 Across Beta.debug.xcconfig"; path = "Pods/Target Support Files/Pods-5 Across Beta/Pods-5 Across Beta.debug.xcconfig"; sourceTree = "<group>"; };
		1B191B5B32C182B8727A36CF /* Pods-5 Across Beta.release.xcconfig */ = {isa = PBXFileReference; includeInIndex = 1; lastKnownFileType = text.xcconfig; name = "Pods-5 Across Beta.release.xcconfig"; path = "Pods/Target Support Files/Pods-5 Across Beta/Pods-5 Across Beta.release.xcconfig"; sourceTree = "<group>"; };
		271FC5141B16E288008D51CC /* RoundButton.h */ = {isa = PBXFileReference; fileEncoding = 4; lastKnownFileType = sourcecode.c.h; path = RoundButton.h; sourceTree = "<group>"; };
		271FC5151B16E288008D51CC /* RoundButton.m */ = {isa = PBXFileReference; fileEncoding = 4; lastKnownFileType = sourcecode.c.objc; path = RoundButton.m; sourceTree = "<group>"; };
		271FC5171B17C06B008D51CC /* mic-icon.png */ = {isa = PBXFileReference; lastKnownFileType = image.png; path = "mic-icon.png"; sourceTree = "<group>"; };
		271FC5191B17C5D3008D51CC /* clock-icon.png */ = {isa = PBXFileReference; lastKnownFileType = image.png; path = "clock-icon.png"; sourceTree = "<group>"; };
		271FC51A1B17C5D3008D51CC /* dollar-icon.png */ = {isa = PBXFileReference; lastKnownFileType = image.png; path = "dollar-icon.png"; sourceTree = "<group>"; };
		271FC51B1B17C5D3008D51CC /* stopwatch-icon.png */ = {isa = PBXFileReference; lastKnownFileType = image.png; path = "stopwatch-icon.png"; sourceTree = "<group>"; };
		271FC5211B17C67D008D51CC /* trophy-icon.png */ = {isa = PBXFileReference; lastKnownFileType = image.png; path = "trophy-icon.png"; sourceTree = "<group>"; };
		271FC5401B1CFFFF008D51CC /* 5-across-logo.png */ = {isa = PBXFileReference; lastKnownFileType = image.png; path = "5-across-logo.png"; sourceTree = "<group>"; };
		271FC5421B1D00AF008D51CC /* RegisterViewController.h */ = {isa = PBXFileReference; fileEncoding = 4; lastKnownFileType = sourcecode.c.h; path = RegisterViewController.h; sourceTree = "<group>"; };
		271FC5431B1D00AF008D51CC /* RegisterViewController.m */ = {isa = PBXFileReference; fileEncoding = 4; lastKnownFileType = sourcecode.c.objc; path = RegisterViewController.m; sourceTree = "<group>"; };
		271FC5451B1D0698008D51CC /* registerButton.h */ = {isa = PBXFileReference; fileEncoding = 4; lastKnownFileType = sourcecode.c.h; path = registerButton.h; sourceTree = "<group>"; };
		271FC5461B1D0698008D51CC /* registerButton.m */ = {isa = PBXFileReference; fileEncoding = 4; lastKnownFileType = sourcecode.c.objc; path = registerButton.m; sourceTree = "<group>"; };
		271FC5481B1D0E3B008D51CC /* QuartzCore.framework */ = {isa = PBXFileReference; lastKnownFileType = wrapper.framework; name = QuartzCore.framework; path = System/Library/Frameworks/QuartzCore.framework; sourceTree = SDKROOT; };
		27411A6F1B142D1F00664EBB /* PostListTableViewController.h */ = {isa = PBXFileReference; fileEncoding = 4; lastKnownFileType = sourcecode.c.h; path = PostListTableViewController.h; sourceTree = "<group>"; };
		27411A701B142D1F00664EBB /* PostListTableViewController.m */ = {isa = PBXFileReference; fileEncoding = 4; lastKnownFileType = sourcecode.c.objc; path = PostListTableViewController.m; sourceTree = "<group>"; };
		27411A741B143A0300664EBB /* AboutViewController.h */ = {isa = PBXFileReference; fileEncoding = 4; lastKnownFileType = sourcecode.c.h; path = AboutViewController.h; sourceTree = "<group>"; };
		27411A751B143A0300664EBB /* AboutViewController.m */ = {isa = PBXFileReference; fileEncoding = 4; lastKnownFileType = sourcecode.c.objc; path = AboutViewController.m; sourceTree = "<group>"; };
		27411A791B14FAD000664EBB /* 5-pitches.png */ = {isa = PBXFileReference; lastKnownFileType = image.png; path = "5-pitches.png"; sourceTree = "<group>"; };
		27411A7B1B14FF5600664EBB /* 5-minutes.png */ = {isa = PBXFileReference; lastKnownFileType = image.png; path = "5-minutes.png"; sourceTree = "<group>"; };
		27AF6EFC1B1E467B000BA5AD /* TraktAPIClient.h */ = {isa = PBXFileReference; fileEncoding = 4; lastKnownFileType = sourcecode.c.h; path = TraktAPIClient.h; sourceTree = "<group>"; };
		27AF6EFD1B1E467B000BA5AD /* TraktAPIClient.m */ = {isa = PBXFileReference; fileEncoding = 4; lastKnownFileType = sourcecode.c.objc; path = TraktAPIClient.m; sourceTree = "<group>"; };
		27AF6F061B1E5F4C000BA5AD /* statusModel.h */ = {isa = PBXFileReference; fileEncoding = 4; lastKnownFileType = sourcecode.c.h; path = statusModel.h; sourceTree = "<group>"; };
		27AF6F071B1E5F4C000BA5AD /* statusModel.m */ = {isa = PBXFileReference; fileEncoding = 4; lastKnownFileType = sourcecode.c.objc; path = statusModel.m; sourceTree = "<group>"; };
		27AF6F091B20F7E0000BA5AD /* VideoCollectionViewController.h */ = {isa = PBXFileReference; fileEncoding = 4; lastKnownFileType = sourcecode.c.h; path = VideoCollectionViewController.h; sourceTree = "<group>"; };
		27AF6F0A1B20F7E0000BA5AD /* VideoCollectionViewController.m */ = {isa = PBXFileReference; fileEncoding = 4; lastKnownFileType = sourcecode.c.objc; path = VideoCollectionViewController.m; sourceTree = "<group>"; };
		27AF6F0F1B21281B000BA5AD /* ParseBlog.h */ = {isa = PBXFileReference; fileEncoding = 4; lastKnownFileType = sourcecode.c.h; path = ParseBlog.h; sourceTree = "<group>"; };
		27AF6F101B21281B000BA5AD /* ParseBlog.m */ = {isa = PBXFileReference; fileEncoding = 4; lastKnownFileType = sourcecode.c.objc; path = ParseBlog.m; sourceTree = "<group>"; };
		27C5908C1AE1AC74008F4B4E /* 5 Across Beta.app */ = {isa = PBXFileReference; explicitFileType = wrapper.application; includeInIndex = 0; path = "5 Across Beta.app"; sourceTree = BUILT_PRODUCTS_DIR; };
		27C590901AE1AC74008F4B4E /* Info.plist */ = {isa = PBXFileReference; lastKnownFileType = text.plist.xml; path = Info.plist; sourceTree = "<group>"; };
		27C590911AE1AC74008F4B4E /* main.m */ = {isa = PBXFileReference; lastKnownFileType = sourcecode.c.objc; path = main.m; sourceTree = "<group>"; };
		27C590931AE1AC74008F4B4E /* AppDelegate.h */ = {isa = PBXFileReference; lastKnownFileType = sourcecode.c.h; path = AppDelegate.h; sourceTree = "<group>"; };
		27C590941AE1AC74008F4B4E /* AppDelegate.m */ = {isa = PBXFileReference; lastKnownFileType = sourcecode.c.objc; path = AppDelegate.m; sourceTree = "<group>"; };
		27C5909A1AE1AC74008F4B4E /* Base */ = {isa = PBXFileReference; lastKnownFileType = file.storyboard; name = Base; path = Base.lproj/Main.storyboard; sourceTree = "<group>"; };
		27C5909C1AE1AC74008F4B4E /* Images.xcassets */ = {isa = PBXFileReference; lastKnownFileType = folder.assetcatalog; path = Images.xcassets; sourceTree = "<group>"; };
		27C5909F1AE1AC74008F4B4E /* Base */ = {isa = PBXFileReference; lastKnownFileType = file.xib; name = Base; path = Base.lproj/LaunchScreen.xib; sourceTree = "<group>"; };
		27C590A51AE1AC74008F4B4E /* 5 Across BetaTests.xctest */ = {isa = PBXFileReference; explicitFileType = wrapper.cfbundle; includeInIndex = 0; path = "5 Across BetaTests.xctest"; sourceTree = BUILT_PRODUCTS_DIR; };
		27C590AA1AE1AC74008F4B4E /* Info.plist */ = {isa = PBXFileReference; lastKnownFileType = text.plist.xml; path = Info.plist; sourceTree = "<group>"; };
		27C590AB1AE1AC74008F4B4E /* __Across_BetaTests.m */ = {isa = PBXFileReference; lastKnownFileType = sourcecode.c.objc; path = __Across_BetaTests.m; sourceTree = "<group>"; };
		27C590B51AE1AED7008F4B4E /* Parse.h */ = {isa = PBXFileReference; fileEncoding = 4; lastKnownFileType = sourcecode.c.h; path = Parse.h; sourceTree = "<group>"; };
		27C590B61AE1AED7008F4B4E /* Parse.m */ = {isa = PBXFileReference; fileEncoding = 4; lastKnownFileType = sourcecode.c.objc; path = Parse.m; sourceTree = "<group>"; };
		27C590B81AE1D4A4008F4B4E /* PostDataViewController.h */ = {isa = PBXFileReference; fileEncoding = 4; lastKnownFileType = sourcecode.c.h; path = PostDataViewController.h; sourceTree = "<group>"; };
		27C590B91AE1D4A4008F4B4E /* PostDataViewController.m */ = {isa = PBXFileReference; fileEncoding = 4; lastKnownFileType = sourcecode.c.objc; path = PostDataViewController.m; sourceTree = "<group>"; };
		27C590C11AE1DAC2008F4B4E /* PostTableViewController.h */ = {isa = PBXFileReference; fileEncoding = 4; lastKnownFileType = sourcecode.c.h; path = PostTableViewController.h; sourceTree = "<group>"; };
		27C590C21AE1DAC2008F4B4E /* PostTableViewController.m */ = {isa = PBXFileReference; fileEncoding = 4; lastKnownFileType = sourcecode.c.objc; path = PostTableViewController.m; sourceTree = "<group>"; };
		27F0EBFA1B4E2B7500235E48 /* home_selected.png */ = {isa = PBXFileReference; lastKnownFileType = image.png; name = home_selected.png; path = "../../../../../Downloads/custom-tab-app-images/home_selected.png"; sourceTree = "<group>"; };
		27F0EBFB1B4E2B7500235E48 /* home_selected@2x.png */ = {isa = PBXFileReference; lastKnownFileType = image.png; name = "home_selected@2x.png"; path = "../../../../../Downloads/custom-tab-app-images/home_selected@2x.png"; sourceTree = "<group>"; };
		27F0EBFC1B4E2B7500235E48 /* home.png */ = {isa = PBXFileReference; lastKnownFileType = image.png; name = home.png; path = "../../../../../Downloads/custom-tab-app-images/home.png"; sourceTree = "<group>"; };
		27F0EBFD1B4E2B7500235E48 /* home@2x.png */ = {isa = PBXFileReference; lastKnownFileType = image.png; name = "home@2x.png"; path = "../../../../../Downloads/custom-tab-app-images/home@2x.png"; sourceTree = "<group>"; };
		27F0EBFE1B4E2B7500235E48 /* maps_selected.png */ = {isa = PBXFileReference; lastKnownFileType = image.png; name = maps_selected.png; path = "../../../../../Downloads/custom-tab-app-images/maps_selected.png"; sourceTree = "<group>"; };
		27F0EBFF1B4E2B7500235E48 /* maps_selected@2x.png */ = {isa = PBXFileReference; lastKnownFileType = image.png; name = "maps_selected@2x.png"; path = "../../../../../Downloads/custom-tab-app-images/maps_selected@2x.png"; sourceTree = "<group>"; };
		27F0EC001B4E2B7500235E48 /* maps.png */ = {isa = PBXFileReference; lastKnownFileType = image.png; name = maps.png; path = "../../../../../Downloads/custom-tab-app-images/maps.png"; sourceTree = "<group>"; };
		27F0EC011B4E2B7500235E48 /* maps@2x.png */ = {isa = PBXFileReference; lastKnownFileType = image.png; name = "maps@2x.png"; path = "../../../../../Downloads/custom-tab-app-images/maps@2x.png"; sourceTree = "<group>"; };
		27F0EC021B4E2B7500235E48 /* myplan_selected.png */ = {isa = PBXFileReference; lastKnownFileType = image.png; name = myplan_selected.png; path = "../../../../../Downloads/custom-tab-app-images/myplan_selected.png"; sourceTree = "<group>"; };
		27F0EC031B4E2B7500235E48 /* myplan_selected@2x.png */ = {isa = PBXFileReference; lastKnownFileType = image.png; name = "myplan_selected@2x.png"; path = "../../../../../Downloads/custom-tab-app-images/myplan_selected@2x.png"; sourceTree = "<group>"; };
		27F0EC041B4E2B7500235E48 /* myplan.png */ = {isa = PBXFileReference; lastKnownFileType = image.png; name = myplan.png; path = "../../../../../Downloads/custom-tab-app-images/myplan.png"; sourceTree = "<group>"; };
		27F0EC051B4E2B7500235E48 /* myplan@2x.png */ = {isa = PBXFileReference; lastKnownFileType = image.png; name = "myplan@2x.png"; path = "../../../../../Downloads/custom-tab-app-images/myplan@2x.png"; sourceTree = "<group>"; };
		27F0EC061B4E2B7500235E48 /* settings_selected.png */ = {isa = PBXFileReference; lastKnownFileType = image.png; name = settings_selected.png; path = "../../../../../Downloads/custom-tab-app-images/settings_selected.png"; sourceTree = "<group>"; };
		27F0EC071B4E2B7500235E48 /* settings_selected@2x.png */ = {isa = PBXFileReference; lastKnownFileType = image.png; name = "settings_selected@2x.png"; path = "../../../../../Downloads/custom-tab-app-images/settings_selected@2x.png"; sourceTree = "<group>"; };
		27F0EC081B4E2B7500235E48 /* settings.png */ = {isa = PBXFileReference; lastKnownFileType = image.png; name = settings.png; path = "../../../../../Downloads/custom-tab-app-images/settings.png"; sourceTree = "<group>"; };
		27F0EC091B4E2B7500235E48 /* settings@2x.png */ = {isa = PBXFileReference; lastKnownFileType = image.png; name = "settings@2x.png"; path = "../../../../../Downloads/custom-tab-app-images/settings@2x.png"; sourceTree = "<group>"; };
		27F0EC0A1B4E2B7500235E48 /* tabbar_selected.png */ = {isa = PBXFileReference; lastKnownFileType = image.png; name = tabbar_selected.png; path = "../../../../../Downloads/custom-tab-app-images/tabbar_selected.png"; sourceTree = "<group>"; };
		27F0EC0B1B4E2B7500235E48 /* tabbar_selected@2x.png */ = {isa = PBXFileReference; lastKnownFileType = image.png; name = "tabbar_selected@2x.png"; path = "../../../../../Downloads/custom-tab-app-images/tabbar_selected@2x.png"; sourceTree = "<group>"; };
		27F0EC0C1B4E2B7500235E48 /* tabbar.png */ = {isa = PBXFileReference; lastKnownFileType = image.png; name = tabbar.png; path = "../../../../../Downloads/custom-tab-app-images/tabbar.png"; sourceTree = "<group>"; };
		27F0EC0D1B4E2B7500235E48 /* tabbar@2x.png */ = {isa = PBXFileReference; lastKnownFileType = image.png; name = "tabbar@2x.png"; path = "../../../../../Downloads/custom-tab-app-images/tabbar@2x.png"; sourceTree = "<group>"; };
		AF660F2DA2E14A0BC72B588F /* libPods-5 Across Beta.a */ = {isa = PBXFileReference; explicitFileType = archive.ar; includeInIndex = 0; path = "libPods-5 Across Beta.a"; sourceTree = BUILT_PRODUCTS_DIR; };
/* End PBXFileReference section */

/* Begin PBXFrameworksBuildPhase section */
		27C590891AE1AC74008F4B4E /* Frameworks */ = {
			isa = PBXFrameworksBuildPhase;
			buildActionMask = 2147483647;
			files = (
				271FC5491B1D0E3B008D51CC /* QuartzCore.framework in Frameworks */,
				EACDEB54C4D06329223985CB /* libPods-5 Across Beta.a in Frameworks */,
			);
			runOnlyForDeploymentPostprocessing = 0;
		};
		27C590A21AE1AC74008F4B4E /* Frameworks */ = {
			isa = PBXFrameworksBuildPhase;
			buildActionMask = 2147483647;
			files = (
			);
			runOnlyForDeploymentPostprocessing = 0;
		};
/* End PBXFrameworksBuildPhase section */

/* Begin PBXGroup section */
		271FC53F1B1CFA2D008D51CC /* Helper Classes */ = {
			isa = PBXGroup;
			children = (
				271FC5451B1D0698008D51CC /* registerButton.h */,
				271FC5461B1D0698008D51CC /* registerButton.m */,
				271FC5141B16E288008D51CC /* RoundButton.h */,
				271FC5151B16E288008D51CC /* RoundButton.m */,
				27AF6EFC1B1E467B000BA5AD /* TraktAPIClient.h */,
				27AF6EFD1B1E467B000BA5AD /* TraktAPIClient.m */,
			);
			name = "Helper Classes";
			sourceTree = "<group>";
		};
		27411A731B14398300664EBB /* Tab Bar VC */ = {
			isa = PBXGroup;
			children = (
				27411A6F1B142D1F00664EBB /* PostListTableViewController.h */,
				27411A701B142D1F00664EBB /* PostListTableViewController.m */,
				27C590C11AE1DAC2008F4B4E /* PostTableViewController.h */,
				27C590C21AE1DAC2008F4B4E /* PostTableViewController.m */,
				27411A741B143A0300664EBB /* AboutViewController.h */,
				27411A751B143A0300664EBB /* AboutViewController.m */,
				27AF6F091B20F7E0000BA5AD /* VideoCollectionViewController.h */,
				27AF6F0A1B20F7E0000BA5AD /* VideoCollectionViewController.m */,
				271FC5421B1D00AF008D51CC /* RegisterViewController.h */,
				271FC5431B1D00AF008D51CC /* RegisterViewController.m */,
			);
			name = "Tab Bar VC";
			sourceTree = "<group>";
		};
		27411A781B14FAC300664EBB /* Images */ = {
			isa = PBXGroup;
			children = (
				271FC5401B1CFFFF008D51CC /* 5-across-logo.png */,
				271FC5191B17C5D3008D51CC /* clock-icon.png */,
				27F0EBF91B4E2B6500235E48 /* tab-items */,
				271FC51A1B17C5D3008D51CC /* dollar-icon.png */,
				271FC51B1B17C5D3008D51CC /* stopwatch-icon.png */,
				271FC5171B17C06B008D51CC /* mic-icon.png */,
				27411A791B14FAD000664EBB /* 5-pitches.png */,
				271FC5211B17C67D008D51CC /* trophy-icon.png */,
				27411A7B1B14FF5600664EBB /* 5-minutes.png */,
			);
			name = Images;
			sourceTree = "<group>";
		};
		27AF6F051B1E5F13000BA5AD /* JSON Hierarchy */ = {
			isa = PBXGroup;
			children = (
				27AF6F061B1E5F4C000BA5AD /* statusModel.h */,
				27AF6F071B1E5F4C000BA5AD /* statusModel.m */,
			);
			name = "JSON Hierarchy";
			sourceTree = "<group>";
		};
		27C590831AE1AC74008F4B4E = {
			isa = PBXGroup;
			children = (
				27C5908E1AE1AC74008F4B4E /* 5 Across Beta */,
				27C590A81AE1AC74008F4B4E /* 5 Across BetaTests */,
				27C5908D1AE1AC74008F4B4E /* Products */,
				ECE3FBCA21F5991BAA1C81FF /* Pods */,
				B885DB1B09A873CFBA7650A6 /* Frameworks */,
			);
			sourceTree = "<group>";
		};
		27C5908D1AE1AC74008F4B4E /* Products */ = {
			isa = PBXGroup;
			children = (
				27C5908C1AE1AC74008F4B4E /* 5 Across Beta.app */,
				27C590A51AE1AC74008F4B4E /* 5 Across BetaTests.xctest */,
			);
			name = Products;
			sourceTree = "<group>";
		};
		27C5908E1AE1AC74008F4B4E /* 5 Across Beta */ = {
			isa = PBXGroup;
			children = (
				27411A781B14FAC300664EBB /* Images */,
				27C590931AE1AC74008F4B4E /* AppDelegate.h */,
				27C590941AE1AC74008F4B4E /* AppDelegate.m */,
				27AF6F0F1B21281B000BA5AD /* ParseBlog.h */,
				27AF6F101B21281B000BA5AD /* ParseBlog.m */,
				27411A731B14398300664EBB /* Tab Bar VC */,
				27C590B81AE1D4A4008F4B4E /* PostDataViewController.h */,
				27C590B91AE1D4A4008F4B4E /* PostDataViewController.m */,
				271FC53F1B1CFA2D008D51CC /* Helper Classes */,
				27C5909C1AE1AC74008F4B4E /* Images.xcassets */,
				27AF6F051B1E5F13000BA5AD /* JSON Hierarchy */,
				27C5909E1AE1AC74008F4B4E /* LaunchScreen.xib */,
				27C590991AE1AC74008F4B4E /* Main.storyboard */,
				27C5908F1AE1AC74008F4B4E /* Supporting Files */,
			);
			path = "5 Across Beta";
			sourceTree = "<group>";
		};
		27C5908F1AE1AC74008F4B4E /* Supporting Files */ = {
			isa = PBXGroup;
			children = (
				27C590901AE1AC74008F4B4E /* Info.plist */,
				27C590911AE1AC74008F4B4E /* main.m */,
				27C590B51AE1AED7008F4B4E /* Parse.h */,
				27C590B61AE1AED7008F4B4E /* Parse.m */,
			);
			name = "Supporting Files";
			sourceTree = "<group>";
		};
		27C590A81AE1AC74008F4B4E /* 5 Across BetaTests */ = {
			isa = PBXGroup;
			children = (
				27C590AB1AE1AC74008F4B4E /* __Across_BetaTests.m */,
				27C590A91AE1AC74008F4B4E /* Supporting Files */,
			);
			path = "5 Across BetaTests";
			sourceTree = "<group>";
		};
		27C590A91AE1AC74008F4B4E /* Supporting Files */ = {
			isa = PBXGroup;
			children = (
				27C590AA1AE1AC74008F4B4E /* Info.plist */,
			);
			name = "Supporting Files";
			sourceTree = "<group>";
		};
		27F0EBF91B4E2B6500235E48 /* tab-items */ = {
			isa = PBXGroup;
			children = (
				27F0EBFA1B4E2B7500235E48 /* home_selected.png */,
				27F0EBFB1B4E2B7500235E48 /* home_selected@2x.png */,
				27F0EBFC1B4E2B7500235E48 /* home.png */,
				27F0EBFD1B4E2B7500235E48 /* home@2x.png */,
				27F0EBFE1B4E2B7500235E48 /* maps_selected.png */,
				27F0EBFF1B4E2B7500235E48 /* maps_selected@2x.png */,
				27F0EC001B4E2B7500235E48 /* maps.png */,
				27F0EC011B4E2B7500235E48 /* maps@2x.png */,
				27F0EC021B4E2B7500235E48 /* myplan_selected.png */,
				27F0EC031B4E2B7500235E48 /* myplan_selected@2x.png */,
				27F0EC041B4E2B7500235E48 /* myplan.png */,
				27F0EC051B4E2B7500235E48 /* myplan@2x.png */,
				27F0EC061B4E2B7500235E48 /* settings_selected.png */,
				27F0EC071B4E2B7500235E48 /* settings_selected@2x.png */,
				27F0EC081B4E2B7500235E48 /* settings.png */,
				27F0EC091B4E2B7500235E48 /* settings@2x.png */,
				27F0EC0A1B4E2B7500235E48 /* tabbar_selected.png */,
				27F0EC0B1B4E2B7500235E48 /* tabbar_selected@2x.png */,
				27F0EC0C1B4E2B7500235E48 /* tabbar.png */,
				27F0EC0D1B4E2B7500235E48 /* tabbar@2x.png */,
			);
			name = "tab-items";
			sourceTree = "<group>";
		};
		B885DB1B09A873CFBA7650A6 /* Frameworks */ = {
			isa = PBXGroup;
			children = (
				271FC5481B1D0E3B008D51CC /* QuartzCore.framework */,
				AF660F2DA2E14A0BC72B588F /* libPods-5 Across Beta.a */,
			);
			name = Frameworks;
			sourceTree = "<group>";
		};
		ECE3FBCA21F5991BAA1C81FF /* Pods */ = {
			isa = PBXGroup;
			children = (
				068AEAA7599272BA64B03026 /* Pods-5 Across Beta.debug.xcconfig */,
				1B191B5B32C182B8727A36CF /* Pods-5 Across Beta.release.xcconfig */,
			);
			name = Pods;
			sourceTree = "<group>";
		};
/* End PBXGroup section */

/* Begin PBXNativeTarget section */
		27C5908B1AE1AC74008F4B4E /* 5 Across Beta */ = {
			isa = PBXNativeTarget;
			buildConfigurationList = 27C590AF1AE1AC74008F4B4E /* Build configuration list for PBXNativeTarget "5 Across Beta" */;
			buildPhases = (
				98FF6BEC1923238B3B8ACCC2 /* Check Pods Manifest.lock */,
				27C590881AE1AC74008F4B4E /* Sources */,
				27C590891AE1AC74008F4B4E /* Frameworks */,
				27C5908A1AE1AC74008F4B4E /* Resources */,
				15DE543331FC82135A30060B /* Copy Pods Resources */,
			);
			buildRules = (
			);
			dependencies = (
			);
			name = "5 Across Beta";
			productName = "5 Across Beta";
			productReference = 27C5908C1AE1AC74008F4B4E /* 5 Across Beta.app */;
			productType = "com.apple.product-type.application";
		};
		27C590A41AE1AC74008F4B4E /* 5 Across BetaTests */ = {
			isa = PBXNativeTarget;
			buildConfigurationList = 27C590B21AE1AC74008F4B4E /* Build configuration list for PBXNativeTarget "5 Across BetaTests" */;
			buildPhases = (
				27C590A11AE1AC74008F4B4E /* Sources */,
				27C590A21AE1AC74008F4B4E /* Frameworks */,
				27C590A31AE1AC74008F4B4E /* Resources */,
			);
			buildRules = (
			);
			dependencies = (
				27C590A71AE1AC74008F4B4E /* PBXTargetDependency */,
			);
			name = "5 Across BetaTests";
			productName = "5 Across BetaTests";
			productReference = 27C590A51AE1AC74008F4B4E /* 5 Across BetaTests.xctest */;
			productType = "com.apple.product-type.bundle.unit-test";
		};
/* End PBXNativeTarget section */

/* Begin PBXProject section */
		27C590841AE1AC74008F4B4E /* Project object */ = {
			isa = PBXProject;
			attributes = {
				LastUpgradeCheck = 0610;
				ORGANIZATIONNAME = "Kyle Raney";
				TargetAttributes = {
					27C5908B1AE1AC74008F4B4E = {
						CreatedOnToolsVersion = 6.1.1;
					};
					27C590A41AE1AC74008F4B4E = {
						CreatedOnToolsVersion = 6.1.1;
						TestTargetID = 27C5908B1AE1AC74008F4B4E;
					};
				};
			};
			buildConfigurationList = 27C590871AE1AC74008F4B4E /* Build configuration list for PBXProject "5 Across Beta" */;
			compatibilityVersion = "Xcode 3.2";
			developmentRegion = English;
			hasScannedForEncodings = 0;
			knownRegions = (
				en,
				Base,
			);
			mainGroup = 27C590831AE1AC74008F4B4E;
			productRefGroup = 27C5908D1AE1AC74008F4B4E /* Products */;
			projectDirPath = "";
			projectRoot = "";
			targets = (
				27C5908B1AE1AC74008F4B4E /* 5 Across Beta */,
				27C590A41AE1AC74008F4B4E /* 5 Across BetaTests */,
			);
		};
/* End PBXProject section */

/* Begin PBXResourcesBuildPhase section */
		27C5908A1AE1AC74008F4B4E /* Resources */ = {
			isa = PBXResourcesBuildPhase;
			buildActionMask = 2147483647;
			files = (
				27F0EC211B4E2B7500235E48 /* tabbar@2x.png in Resources */,
				27C5909B1AE1AC74008F4B4E /* Main.storyboard in Resources */,
				27F0EC1A1B4E2B7500235E48 /* settings_selected.png in Resources */,
				271FC51D1B17C5D3008D51CC /* clock-icon.png in Resources */,
				27F0EC181B4E2B7500235E48 /* myplan.png in Resources */,
				27F0EC191B4E2B7500235E48 /* myplan@2x.png in Resources */,
				27F0EC141B4E2B7500235E48 /* maps.png in Resources */,
				27F0EC161B4E2B7500235E48 /* myplan_selected.png in Resources */,
				27F0EC101B4E2B7500235E48 /* home.png in Resources */,
				271FC51F1B17C5D3008D51CC /* stopwatch-icon.png in Resources */,
				27C590A01AE1AC74008F4B4E /* LaunchScreen.xib in Resources */,
				27F0EC1D1B4E2B7500235E48 /* settings@2x.png in Resources */,
				27F0EC1F1B4E2B7500235E48 /* tabbar_selected@2x.png in Resources */,
				27F0EC1C1B4E2B7500235E48 /* settings.png in Resources */,
				27F0EC111B4E2B7500235E48 /* home@2x.png in Resources */,
				271FC5181B17C06B008D51CC /* mic-icon.png in Resources */,
				27F0EC1E1B4E2B7500235E48 /* tabbar_selected.png in Resources */,
				27F0EC0E1B4E2B7500235E48 /* home_selected.png in Resources */,
				27F0EC151B4E2B7500235E48 /* maps@2x.png in Resources */,
				271FC5411B1CFFFF008D51CC /* 5-across-logo.png in Resources */,
				27F0EC171B4E2B7500235E48 /* myplan_selected@2x.png in Resources */,
				27F0EC1B1B4E2B7500235E48 /* settings_selected@2x.png in Resources */,
				27411A7A1B14FAD000664EBB /* 5-pitches.png in Resources */,
				271FC5221B17C67D008D51CC /* trophy-icon.png in Resources */,
				27F0EC131B4E2B7500235E48 /* maps_selected@2x.png in Resources */,
				27411A7C1B14FF5600664EBB /* 5-minutes.png in Resources */,
				27F0EC201B4E2B7500235E48 /* tabbar.png in Resources */,
				271FC51E1B17C5D3008D51CC /* dollar-icon.png in Resources */,
				27F0EC121B4E2B7500235E48 /* maps_selected.png in Resources */,
				27F0EC0F1B4E2B7500235E48 /* home_selected@2x.png in Resources */,
				27C5909D1AE1AC74008F4B4E /* Images.xcassets in Resources */,
			);
			runOnlyForDeploymentPostprocessing = 0;
		};
		27C590A31AE1AC74008F4B4E /* Resources */ = {
			isa = PBXResourcesBuildPhase;
			buildActionMask = 2147483647;
			files = (
			);
			runOnlyForDeploymentPostprocessing = 0;
		};
/* End PBXResourcesBuildPhase section */

/* Begin PBXShellScriptBuildPhase section */
		15DE543331FC82135A30060B /* Copy Pods Resources */ = {
			isa = PBXShellScriptBuildPhase;
			buildActionMask = 2147483647;
			files = (
			);
			inputPaths = (
			);
			name = "Copy Pods Resources";
			outputPaths = (
			);
			runOnlyForDeploymentPostprocessing = 0;
			shellPath = /bin/sh;
			shellScript = "\"${SRCROOT}/Pods/Target Support Files/Pods-5 Across Beta/Pods-5 Across Beta-resources.sh\"\n";
			showEnvVarsInLog = 0;
		};
		98FF6BEC1923238B3B8ACCC2 /* Check Pods Manifest.lock */ = {
			isa = PBXShellScriptBuildPhase;
			buildActionMask = 2147483647;
			files = (
			);
			inputPaths = (
			);
			name = "Check Pods Manifest.lock";
			outputPaths = (
			);
			runOnlyForDeploymentPostprocessing = 0;
			shellPath = /bin/sh;
			shellScript = "diff \"${PODS_ROOT}/../Podfile.lock\" \"${PODS_ROOT}/Manifest.lock\" > /dev/null\nif [[ $? != 0 ]] ; then\n    cat << EOM\nerror: The sandbox is not in sync with the Podfile.lock. Run 'pod install' or update your CocoaPods installation.\nEOM\n    exit 1\nfi\n";
			showEnvVarsInLog = 0;
		};
/* End PBXShellScriptBuildPhase section */

/* Begin PBXSourcesBuildPhase section */
		27C590881AE1AC74008F4B4E /* Sources */ = {
			isa = PBXSourcesBuildPhase;
			buildActionMask = 2147483647;
			files = (
				27411A711B142D1F00664EBB /* PostListTableViewController.m in Sources */,
				27C590B71AE1AED7008F4B4E /* Parse.m in Sources */,
				27AF6F081B1E5F4C000BA5AD /* statusModel.m in Sources */,
				27C590951AE1AC74008F4B4E /* AppDelegate.m in Sources */,
				271FC5471B1D0698008D51CC /* registerButton.m in Sources */,
				27411A761B143A0300664EBB /* AboutViewController.m in Sources */,
				27AF6EFE1B1E467B000BA5AD /* TraktAPIClient.m in Sources */,
				271FC5441B1D00AF008D51CC /* RegisterViewController.m in Sources */,
				271FC5161B16E288008D51CC /* RoundButton.m in Sources */,
				27C590BA1AE1D4A4008F4B4E /* PostDataViewController.m in Sources */,
				27C590921AE1AC74008F4B4E /* main.m in Sources */,
				27AF6F111B21281B000BA5AD /* ParseBlog.m in Sources */,
				27AF6F0B1B20F7E0000BA5AD /* VideoCollectionViewController.m in Sources */,
				27C590C31AE1DAC2008F4B4E /* PostTableViewController.m in Sources */,
			);
			runOnlyForDeploymentPostprocessing = 0;
		};
		27C590A11AE1AC74008F4B4E /* Sources */ = {
			isa = PBXSourcesBuildPhase;
			buildActionMask = 2147483647;
			files = (
				27C590AC1AE1AC74008F4B4E /* __Across_BetaTests.m in Sources */,
			);
			runOnlyForDeploymentPostprocessing = 0;
		};
/* End PBXSourcesBuildPhase section */

/* Begin PBXTargetDependency section */
		27C590A71AE1AC74008F4B4E /* PBXTargetDependency */ = {
			isa = PBXTargetDependency;
			target = 27C5908B1AE1AC74008F4B4E /* 5 Across Beta */;
			targetProxy = 27C590A61AE1AC74008F4B4E /* PBXContainerItemProxy */;
		};
/* End PBXTargetDependency section */

/* Begin PBXVariantGroup section */
		27C590991AE1AC74008F4B4E /* Main.storyboard */ = {
			isa = PBXVariantGroup;
			children = (
				27C5909A1AE1AC74008F4B4E /* Base */,
			);
			name = Main.storyboard;
			sourceTree = "<group>";
		};
		27C5909E1AE1AC74008F4B4E /* LaunchScreen.xib */ = {
			isa = PBXVariantGroup;
			children = (
				27C5909F1AE1AC74008F4B4E /* Base */,
			);
			name = LaunchScreen.xib;
			sourceTree = "<group>";
		};
/* End PBXVariantGroup section */

/* Begin XCBuildConfiguration section */
		27C590AD1AE1AC74008F4B4E /* Debug */ = {
			isa = XCBuildConfiguration;
			buildSettings = {
				ALWAYS_SEARCH_USER_PATHS = NO;
				CLANG_CXX_LANGUAGE_STANDARD = "gnu++0x";
				CLANG_CXX_LIBRARY = "libc++";
				CLANG_ENABLE_MODULES = YES;
				CLANG_ENABLE_OBJC_ARC = YES;
				CLANG_WARN_BOOL_CONVERSION = YES;
				CLANG_WARN_CONSTANT_CONVERSION = YES;
				CLANG_WARN_DIRECT_OBJC_ISA_USAGE = YES_ERROR;
				CLANG_WARN_EMPTY_BODY = YES;
				CLANG_WARN_ENUM_CONVERSION = YES;
				CLANG_WARN_INT_CONVERSION = YES;
				CLANG_WARN_OBJC_ROOT_CLASS = YES_ERROR;
				CLANG_WARN_UNREACHABLE_CODE = YES;
				CLANG_WARN__DUPLICATE_METHOD_MATCH = YES;
				"CODE_SIGN_IDENTITY[sdk=iphoneos*]" = "iPhone Developer";
				COPY_PHASE_STRIP = NO;
				ENABLE_STRICT_OBJC_MSGSEND = YES;
				GCC_C_LANGUAGE_STANDARD = gnu99;
				GCC_DYNAMIC_NO_PIC = NO;
				GCC_OPTIMIZATION_LEVEL = 0;
				GCC_PREPROCESSOR_DEFINITIONS = (
					"DEBUG=1",
					"$(inherited)",
				);
				GCC_SYMBOLS_PRIVATE_EXTERN = NO;
				GCC_WARN_64_TO_32_BIT_CONVERSION = YES;
				GCC_WARN_ABOUT_RETURN_TYPE = YES_ERROR;
				GCC_WARN_UNDECLARED_SELECTOR = YES;
				GCC_WARN_UNINITIALIZED_AUTOS = YES_AGGRESSIVE;
				GCC_WARN_UNUSED_FUNCTION = YES;
				GCC_WARN_UNUSED_VARIABLE = YES;
				IPHONEOS_DEPLOYMENT_TARGET = 8.1;
				MTL_ENABLE_DEBUG_INFO = YES;
				ONLY_ACTIVE_ARCH = YES;
				SDKROOT = iphoneos;
				TARGETED_DEVICE_FAMILY = "1,2";
			};
			name = Debug;
		};
		27C590AE1AE1AC74008F4B4E /* Release */ = {
			isa = XCBuildConfiguration;
			buildSettings = {
				ALWAYS_SEARCH_USER_PATHS = NO;
				CLANG_CXX_LANGUAGE_STANDARD = "gnu++0x";
				CLANG_CXX_LIBRARY = "libc++";
				CLANG_ENABLE_MODULES = YES;
				CLANG_ENABLE_OBJC_ARC = YES;
				CLANG_WARN_BOOL_CONVERSION = YES;
				CLANG_WARN_CONSTANT_CONVERSION = YES;
				CLANG_WARN_DIRECT_OBJC_ISA_USAGE = YES_ERROR;
				CLANG_WARN_EMPTY_BODY = YES;
				CLANG_WARN_ENUM_CONVERSION = YES;
				CLANG_WARN_INT_CONVERSION = YES;
				CLANG_WARN_OBJC_ROOT_CLASS = YES_ERROR;
				CLANG_WARN_UNREACHABLE_CODE = YES;
				CLANG_WARN__DUPLICATE_METHOD_MATCH = YES;
				"CODE_SIGN_IDENTITY[sdk=iphoneos*]" = "iPhone Developer";
				COPY_PHASE_STRIP = YES;
				ENABLE_NS_ASSERTIONS = NO;
				ENABLE_STRICT_OBJC_MSGSEND = YES;
				GCC_C_LANGUAGE_STANDARD = gnu99;
				GCC_WARN_64_TO_32_BIT_CONVERSION = YES;
				GCC_WARN_ABOUT_RETURN_TYPE = YES_ERROR;
				GCC_WARN_UNDECLARED_SELECTOR = YES;
				GCC_WARN_UNINITIALIZED_AUTOS = YES_AGGRESSIVE;
				GCC_WARN_UNUSED_FUNCTION = YES;
				GCC_WARN_UNUSED_VARIABLE = YES;
				IPHONEOS_DEPLOYMENT_TARGET = 8.1;
				MTL_ENABLE_DEBUG_INFO = NO;
				SDKROOT = iphoneos;
				TARGETED_DEVICE_FAMILY = "1,2";
				VALIDATE_PRODUCT = YES;
			};
			name = Release;
		};
		27C590B01AE1AC74008F4B4E /* Debug */ = {
			isa = XCBuildConfiguration;
			baseConfigurationReference = 068AEAA7599272BA64B03026 /* Pods-5 Across Beta.debug.xcconfig */;
			buildSettings = {
				ASSETCATALOG_COMPILER_APPICON_NAME = AppIcon;
				HEADER_SEARCH_PATHS = (
					"$(inherited)",
					"\"${PODS_ROOT}/Headers/Public\"",
					"\"${PODS_ROOT}/Headers/Public/AFNetworking\"",
					"\"${PODS_ROOT}/Headers/Public/MWFeedParser\"",
					"\"${PODS_ROOT}/Headers/Public/SDFeedParser\"",
					"\"${PODS_ROOT}/Headers/Public/SHXMLParser\"",
					/usr/include/libxml2,
				);
				INFOPLIST_FILE = "5 Across Beta/Info.plist";
				LD_RUNPATH_SEARCH_PATHS = "$(inherited) @executable_path/Frameworks";
				PRODUCT_NAME = "$(TARGET_NAME)";
			};
			name = Debug;
		};
		27C590B11AE1AC74008F4B4E /* Release */ = {
			isa = XCBuildConfiguration;
			baseConfigurationReference = 1B191B5B32C182B8727A36CF /* Pods-5 Across Beta.release.xcconfig */;
			buildSettings = {
				ASSETCATALOG_COMPILER_APPICON_NAME = AppIcon;
				HEADER_SEARCH_PATHS = (
					"$(inherited)",
					"\"${PODS_ROOT}/Headers/Public\"",
					"\"${PODS_ROOT}/Headers/Public/AFNetworking\"",
					"\"${PODS_ROOT}/Headers/Public/MWFeedParser\"",
					"\"${PODS_ROOT}/Headers/Public/SDFeedParser\"",
					"\"${PODS_ROOT}/Headers/Public/SHXMLParser\"",
					/usr/include/libxml2,
				);
				INFOPLIST_FILE = "5 Across Beta/Info.plist";
				LD_RUNPATH_SEARCH_PATHS = "$(inherited) @executable_path/Frameworks";
				PRODUCT_NAME = "$(TARGET_NAME)";
			};
			name = Release;
		};
		27C590B31AE1AC74008F4B4E /* Debug */ = {
			isa = XCBuildConfiguration;
			buildSettings = {
				BUNDLE_LOADER = "$(TEST_HOST)";
				FRAMEWORK_SEARCH_PATHS = (
					"$(SDKROOT)/Developer/Library/Frameworks",
					"$(inherited)",
				);
				GCC_PREPROCESSOR_DEFINITIONS = (
					"DEBUG=1",
					"$(inherited)",
				);
				INFOPLIST_FILE = "5 Across BetaTests/Info.plist";
				LD_RUNPATH_SEARCH_PATHS = "$(inherited) @executable_path/Frameworks @loader_path/Frameworks";
				PRODUCT_NAME = "$(TARGET_NAME)";
				TEST_HOST = "$(BUILT_PRODUCTS_DIR)/5 Across Beta.app/5 Across Beta";
			};
			name = Debug;
		};
		27C590B41AE1AC74008F4B4E /* Release */ = {
			isa = XCBuildConfiguration;
			buildSettings = {
				BUNDLE_LOADER = "$(TEST_HOST)";
				FRAMEWORK_SEARCH_PATHS = (
					"$(SDKROOT)/Developer/Library/Frameworks",
					"$(inherited)",
				);
				INFOPLIST_FILE = "5 Across BetaTests/Info.plist";
				LD_RUNPATH_SEARCH_PATHS = "$(inherited) @executable_path/Frameworks @loader_path/Frameworks";
				PRODUCT_NAME = "$(TARGET_NAME)";
				TEST_HOST = "$(BUILT_PRODUCTS_DIR)/5 Across Beta.app/5 Across Beta";
			};
			name = Release;
		};
/* End XCBuildConfiguration section */

/* Begin XCConfigurationList section */
		27C590871AE1AC74008F4B4E /* Build configuration list for PBXProject "5 Across Beta" */ = {
			isa = XCConfigurationList;
			buildConfigurations = (
				27C590AD1AE1AC74008F4B4E /* Debug */,
				27C590AE1AE1AC74008F4B4E /* Release */,
			);
			defaultConfigurationIsVisible = 0;
			defaultConfigurationName = Release;
		};
		27C590AF1AE1AC74008F4B4E /* Build configuration list for PBXNativeTarget "5 Across Beta" */ = {
			isa = XCConfigurationList;
			buildConfigurations = (
				27C590B01AE1AC74008F4B4E /* Debug */,
				27C590B11AE1AC74008F4B4E /* Release */,
			);
			defaultConfigurationIsVisible = 0;
			defaultConfigurationName = Release;
		};
		27C590B21AE1AC74008F4B4E /* Build configuration list for PBXNativeTarget "5 Across BetaTests" */ = {
			isa = XCConfigurationList;
			buildConfigurations = (
				27C590B31AE1AC74008F4B4E /* Debug */,
				27C590B41AE1AC74008F4B4E /* Release */,
			);
			defaultConfigurationIsVisible = 0;
			defaultConfigurationName = Release;
		};
/* End XCConfigurationList section */
	};
	rootObject = 27C590841AE1AC74008F4B4E /* Project object */;
}
